{
    "_meta": {
        "hash": {
            "sha256": "37eac007c5a548e88115abc47586ce5a51304e87062345f63d71b9e0072977f4"
        },
        "pipfile-spec": 6,
        "requires": {
            "python_version": "3.11"
        },
        "sources": [
            {
                "name": "pypi",
                "url": "https://pypi.org/simple",
                "verify_ssl": true
            }
        ]
    },
    "default": {},
    "develop": {}
}
